
Microsoft Visual Studio Solution File, Format Version 12.00
# Visual Studio Version 17
VisualStudioVersion = 17.5.33424.131
MinimumVisualStudioVersion = 10.0.40219.1
Project("{778DAE3C-4631-46EA-AA77-85C1314464D9}") = "Analizador de Léxico y Sintaxis", "Proyecto Léxico\Analizador de Léxico y Sintaxis.vbproj", "{D3A0B0A7-C03C-4108-A50A-E1ACC03D48B2}"
EndProject
Global
	GlobalSection(SolutionConfigurationPlatforms) = preSolution
		Debug|Any CPU = Debug|Any CPU
		Release|Any CPU = Release|Any CPU
	EndGlobalSection
	GlobalSection(ProjectConfigurationPlatforms) = postSolution
		{D3A0B0A7-C03C-4108-A50A-E1ACC03D48B2}.Debug|Any CPU.ActiveCfg = Debug|Any CPU
		{D3A0B0A7-C03C-4108-A50A-E1ACC03D48B2}.Debug|Any CPU.Build.0 = Debug|Any CPU
		{D3A0B0A7-C03C-4108-A50A-E1ACC03D48B2}.Release|Any CPU.ActiveCfg = Release|Any CPU
		{D3A0B0A7-C03C-4108-A50A-E1ACC03D48B2}.Release|Any CPU.Build.0 = Release|Any CPU
	EndGlobalSection
	GlobalSection(SolutionProperties) = preSolution
		HideSolutionNode = FALSE
	EndGlobalSection
	GlobalSection(ExtensibilityGlobals) = postSolution
		SolutionGuid = {7DD5C184-E48B-44BF-85D9-79A8B472CCDB}
	EndGlobalSection
EndGlobal
